
Microsoft Visual Studio Solution File, Format Version 12.00
# Visual Studio 15
VisualStudioVersion = 15.0.28307.168
MinimumVisualStudioVersion = 10.0.40219.1
Project("{9A19103F-16F7-4668-BE54-9A1E7A4F7556}") = "ZL.CommandCore", "..\src\ZL.CommandCore\ZL.CommandCore.csproj", "{379060E7-5CC2-4DAF-9934-DA521D7A29C9}"
EndProject
Project("{9A19103F-16F7-4668-BE54-9A1E7A4F7556}") = "ZL.CommandCore.Abs", "..\src\ZL.CommandCore.Abs\ZL.CommandCore.Abs.csproj", "{8F0E6A54-9A48-4A22-8899-2C0490DA465C}"
EndProject
Project("{9A19103F-16F7-4668-BE54-9A1E7A4F7556}") = "Demo.Web1", "Demo.Web1\Demo.Web1.csproj", "{B5915326-85ED-47A6-91B8-7EA74F99C623}"
EndProject
Global
	GlobalSection(SolutionConfigurationPlatforms) = preSolution
		Debug|Any CPU = Debug|Any CPU
		Release|Any CPU = Release|Any CPU
	EndGlobalSection
	GlobalSection(ProjectConfigurationPlatforms) = postSolution
		{379060E7-5CC2-4DAF-9934-DA521D7A29C9}.Debug|Any CPU.ActiveCfg = Debug|Any CPU
		{379060E7-5CC2-4DAF-9934-DA521D7A29C9}.Debug|Any CPU.Build.0 = Debug|Any CPU
		{379060E7-5CC2-4DAF-9934-DA521D7A29C9}.Release|Any CPU.ActiveCfg = Release|Any CPU
		{379060E7-5CC2-4DAF-9934-DA521D7A29C9}.Release|Any CPU.Build.0 = Release|Any CPU
		{8F0E6A54-9A48-4A22-8899-2C0490DA465C}.Debug|Any CPU.ActiveCfg = Debug|Any CPU
		{8F0E6A54-9A48-4A22-8899-2C0490DA465C}.Debug|Any CPU.Build.0 = Debug|Any CPU
		{8F0E6A54-9A48-4A22-8899-2C0490DA465C}.Release|Any CPU.ActiveCfg = Release|Any CPU
		{8F0E6A54-9A48-4A22-8899-2C0490DA465C}.Release|Any CPU.Build.0 = Release|Any CPU
		{B5915326-85ED-47A6-91B8-7EA74F99C623}.Debug|Any CPU.ActiveCfg = Debug|Any CPU
		{B5915326-85ED-47A6-91B8-7EA74F99C623}.Debug|Any CPU.Build.0 = Debug|Any CPU
		{B5915326-85ED-47A6-91B8-7EA74F99C623}.Release|Any CPU.ActiveCfg = Release|Any CPU
		{B5915326-85ED-47A6-91B8-7EA74F99C623}.Release|Any CPU.Build.0 = Release|Any CPU
	EndGlobalSection
	GlobalSection(SolutionProperties) = preSolution
		HideSolutionNode = FALSE
	EndGlobalSection
	GlobalSection(ExtensibilityGlobals) = postSolution
		SolutionGuid = {F0D4797B-72E3-4C42-B315-5D4B809B3495}
	EndGlobalSection
EndGlobal
